
Microsoft Visual Studio Solution File, Format Version 12.00
Project("{FAE04EC0-301F-11D3-BF4B-00C04F79EFBC}") = "Monopoly for Nerds", "Monopoly for Nerds.csproj", "{89439A5F-C6E9-4748-B366-08F0CA25B5EE}"
EndProject
Project("{FAE04EC0-301F-11D3-BF4B-00C04F79EFBC}") = "Monopoly", "Monopoly\Monopoly.csproj", "{288CC110-D134-49DF-90EF-645AFD86AB95}"
EndProject
Global
	GlobalSection(SolutionConfigurationPlatforms) = preSolution
		Debug|Any CPU = Debug|Any CPU
		Release|Any CPU = Release|Any CPU
	EndGlobalSection
	GlobalSection(ProjectConfigurationPlatforms) = postSolution
		{89439A5F-C6E9-4748-B366-08F0CA25B5EE}.Debug|Any CPU.ActiveCfg = Debug|Any CPU
		{89439A5F-C6E9-4748-B366-08F0CA25B5EE}.Debug|Any CPU.Build.0 = Debug|Any CPU
		{89439A5F-C6E9-4748-B366-08F0CA25B5EE}.Release|Any CPU.ActiveCfg = Release|Any CPU
		{89439A5F-C6E9-4748-B366-08F0CA25B5EE}.Release|Any CPU.Build.0 = Release|Any CPU
		{288CC110-D134-49DF-90EF-645AFD86AB95}.Debug|Any CPU.ActiveCfg = Debug|Any CPU
		{288CC110-D134-49DF-90EF-645AFD86AB95}.Debug|Any CPU.Build.0 = Debug|Any CPU
		{288CC110-D134-49DF-90EF-645AFD86AB95}.Release|Any CPU.ActiveCfg = Release|Any CPU
		{288CC110-D134-49DF-90EF-645AFD86AB95}.Release|Any CPU.Build.0 = Release|Any CPU
	EndGlobalSection
EndGlobal
